
Microsoft Visual Studio Solution File, Format Version 12.00
# Visual Studio Version 17
VisualStudioVersion = 17.2.32516.85
MinimumVisualStudioVersion = 10.0.40219.1
Project("{FAE04EC0-301F-11D3-BF4B-00C04F79EFBC}") = "PlexusInventoryManagement", "PlexusInventoryManagement\PlexusInventoryManagement.csproj", "{313730BD-F9B3-4A55-9911-1D9D7D6F0ADD}"
EndProject
Global
	GlobalSection(SolutionConfigurationPlatforms) = preSolution
		Debug|Any CPU = Debug|Any CPU
		Release|Any CPU = Release|Any CPU
	EndGlobalSection
	GlobalSection(ProjectConfigurationPlatforms) = postSolution
		{313730BD-F9B3-4A55-9911-1D9D7D6F0ADD}.Debug|Any CPU.ActiveCfg = Debug|Any CPU
		{313730BD-F9B3-4A55-9911-1D9D7D6F0ADD}.Debug|Any CPU.Build.0 = Debug|Any CPU
		{313730BD-F9B3-4A55-9911-1D9D7D6F0ADD}.Release|Any CPU.ActiveCfg = Release|Any CPU
		{313730BD-F9B3-4A55-9911-1D9D7D6F0ADD}.Release|Any CPU.Build.0 = Release|Any CPU
	EndGlobalSection
	GlobalSection(SolutionProperties) = preSolution
		HideSolutionNode = FALSE
	EndGlobalSection
	GlobalSection(ExtensibilityGlobals) = postSolution
		SolutionGuid = {75C9C945-54AA-4293-B1D3-A46D39089B33}
	EndGlobalSection
EndGlobal
